
Microsoft Visual Studio Solution File, Format Version 12.00
# Visual Studio 15
Project("{FAE04EC0-301F-11D3-BF4B-00C04F79EFBC}") = "The Console", "The Console.csproj", "{2E134BE7-4C7A-81AD-1925-707A9253C9DE}"
EndProject
Project("{FAE04EC0-301F-11D3-BF4B-00C04F79EFBC}") = "The Console.Editor", "The Console.Editor.csproj", "{CF581841-1DA3-B2BB-6237-E2ACEC855BD8}"
EndProject
Global
	GlobalSection(SolutionConfigurationPlatforms) = preSolution
		Debug|Any CPU = Debug|Any CPU
		Release|Any CPU = Release|Any CPU
	EndGlobalSection
	GlobalSection(ProjectConfigurationPlatforms) = postSolution
		{2E134BE7-4C7A-81AD-1925-707A9253C9DE}.Debug|Any CPU.ActiveCfg = Debug|Any CPU
		{2E134BE7-4C7A-81AD-1925-707A9253C9DE}.Debug|Any CPU.Build.0 = Debug|Any CPU
		{2E134BE7-4C7A-81AD-1925-707A9253C9DE}.Release|Any CPU.ActiveCfg = Release|Any CPU
		{2E134BE7-4C7A-81AD-1925-707A9253C9DE}.Release|Any CPU.Build.0 = Release|Any CPU
		{CF581841-1DA3-B2BB-6237-E2ACEC855BD8}.Debug|Any CPU.ActiveCfg = Debug|Any CPU
		{CF581841-1DA3-B2BB-6237-E2ACEC855BD8}.Debug|Any CPU.Build.0 = Debug|Any CPU
		{CF581841-1DA3-B2BB-6237-E2ACEC855BD8}.Release|Any CPU.ActiveCfg = Release|Any CPU
		{CF581841-1DA3-B2BB-6237-E2ACEC855BD8}.Release|Any CPU.Build.0 = Release|Any CPU
	EndGlobalSection
	GlobalSection(SolutionProperties) = preSolution
		HideSolutionNode = FALSE
	EndGlobalSection
EndGlobal
